{
    "_readme": [
        "This file is auto-generated by Composer and should be committed to version control."
    ],
    "hash": "placeholder",
    "content-hash": "placeholder",
    "packages": [],
    "packages-dev": [],
    "aliases": [],
    "minimum-stability": "stable",
    "stability-flags": {},
    "prefer-stable": false,
    "prefer-lowest": false,
    "platform": {
        "php": ">=8.0"
    },
    "platform-dev": []
}
